
Microsoft Visual Studio Solution File, Format Version 12.00
# Visual Studio Version 17
VisualStudioVersion = 17.0.31903.59
MinimumVisualStudioVersion = 10.0.40219.1
Project("{2150E333-8FDC-42A3-9474-1A3956D46DE8}") = "src", "src", "{8D64C0B9-ED45-4F9A-8287-78B1CDE8CFFB}"
EndProject
Project("{FAE04EC0-301F-11D3-BF4B-00C04F79EFBC}") = "Engine", "src\Engine\Engine.csproj", "{B9278CD9-946A-49BA-8CEA-5AE7BCED58C3}"
EndProject
Project("{FAE04EC0-301F-11D3-BF4B-00C04F79EFBC}") = "Content", "src\Content\Content.csproj", "{2D85C16E-9E94-42F5-A40B-CAFF776F289E}"
EndProject
Project("{FAE04EC0-301F-11D3-BF4B-00C04F79EFBC}") = "Game", "src\Game\Game.csproj", "{ABF0FCC5-F763-41B0-A216-A6F891BFFD19}"
EndProject
Project("{FAE04EC0-301F-11D3-BF4B-00C04F79EFBC}") = "Sim", "src\Sim\Sim.csproj", "{136561F0-AA7D-4642-A5F8-EDE12B23A472}"
EndProject
Project("{2150E333-8FDC-42A3-9474-1A3956D46DE8}") = "tests", "tests", "{2099A8C4-4D1A-4893-BABA-5D27DF1CDA47}"
EndProject
Project("{FAE04EC0-301F-11D3-BF4B-00C04F79EFBC}") = "Engine.Tests", "tests\Engine.Tests\Engine.Tests.csproj", "{E7873EF0-8FBE-4C5E-B50C-53D1FE1214A5}"
EndProject
Project("{FAE04EC0-301F-11D3-BF4B-00C04F79EFBC}") = "Architecture.Tests", "tests\Architecture.Tests\Architecture.Tests.csproj", "{066A61AF-3497-4357-B73F-3999E12D985C}"
EndProject
Project("{FAE04EC0-301F-11D3-BF4B-00C04F79EFBC}") = "App", "src\App\App.csproj", "{57BBA198-36DA-4ABF-A3A9-398CDE96832D}"
EndProject
Project("{FAE04EC0-301F-11D3-BF4B-00C04F79EFBC}") = "Content.Tests", "tests\Content.Tests\Content.Tests.csproj", "{2EC5313E-A071-41E2-99FE-C4BBBFD3330F}"
EndProject
Global
	GlobalSection(SolutionConfigurationPlatforms) = preSolution
		Debug|Any CPU = Debug|Any CPU
		Release|Any CPU = Release|Any CPU
	EndGlobalSection
	GlobalSection(SolutionProperties) = preSolution
		HideSolutionNode = FALSE
	EndGlobalSection
	GlobalSection(ProjectConfigurationPlatforms) = postSolution
		{B9278CD9-946A-49BA-8CEA-5AE7BCED58C3}.Debug|Any CPU.ActiveCfg = Debug|Any CPU
		{B9278CD9-946A-49BA-8CEA-5AE7BCED58C3}.Debug|Any CPU.Build.0 = Debug|Any CPU
		{B9278CD9-946A-49BA-8CEA-5AE7BCED58C3}.Release|Any CPU.ActiveCfg = Release|Any CPU
		{B9278CD9-946A-49BA-8CEA-5AE7BCED58C3}.Release|Any CPU.Build.0 = Release|Any CPU
		{2D85C16E-9E94-42F5-A40B-CAFF776F289E}.Debug|Any CPU.ActiveCfg = Debug|Any CPU
		{2D85C16E-9E94-42F5-A40B-CAFF776F289E}.Debug|Any CPU.Build.0 = Debug|Any CPU
		{2D85C16E-9E94-42F5-A40B-CAFF776F289E}.Release|Any CPU.ActiveCfg = Release|Any CPU
		{2D85C16E-9E94-42F5-A40B-CAFF776F289E}.Release|Any CPU.Build.0 = Release|Any CPU
		{ABF0FCC5-F763-41B0-A216-A6F891BFFD19}.Debug|Any CPU.ActiveCfg = Debug|Any CPU
		{ABF0FCC5-F763-41B0-A216-A6F891BFFD19}.Debug|Any CPU.Build.0 = Debug|Any CPU
		{ABF0FCC5-F763-41B0-A216-A6F891BFFD19}.Release|Any CPU.ActiveCfg = Release|Any CPU
		{ABF0FCC5-F763-41B0-A216-A6F891BFFD19}.Release|Any CPU.Build.0 = Release|Any CPU
		{136561F0-AA7D-4642-A5F8-EDE12B23A472}.Debug|Any CPU.ActiveCfg = Debug|Any CPU
		{136561F0-AA7D-4642-A5F8-EDE12B23A472}.Debug|Any CPU.Build.0 = Debug|Any CPU
		{136561F0-AA7D-4642-A5F8-EDE12B23A472}.Release|Any CPU.ActiveCfg = Release|Any CPU
		{136561F0-AA7D-4642-A5F8-EDE12B23A472}.Release|Any CPU.Build.0 = Release|Any CPU
		{E7873EF0-8FBE-4C5E-B50C-53D1FE1214A5}.Debug|Any CPU.ActiveCfg = Debug|Any CPU
		{E7873EF0-8FBE-4C5E-B50C-53D1FE1214A5}.Debug|Any CPU.Build.0 = Debug|Any CPU
		{E7873EF0-8FBE-4C5E-B50C-53D1FE1214A5}.Release|Any CPU.ActiveCfg = Release|Any CPU
		{E7873EF0-8FBE-4C5E-B50C-53D1FE1214A5}.Release|Any CPU.Build.0 = Release|Any CPU
		{066A61AF-3497-4357-B73F-3999E12D985C}.Debug|Any CPU.ActiveCfg = Debug|Any CPU
		{066A61AF-3497-4357-B73F-3999E12D985C}.Debug|Any CPU.Build.0 = Debug|Any CPU
		{066A61AF-3497-4357-B73F-3999E12D985C}.Release|Any CPU.ActiveCfg = Release|Any CPU
		{066A61AF-3497-4357-B73F-3999E12D985C}.Release|Any CPU.Build.0 = Release|Any CPU
		{57BBA198-36DA-4ABF-A3A9-398CDE96832D}.Debug|Any CPU.ActiveCfg = Debug|Any CPU
		{57BBA198-36DA-4ABF-A3A9-398CDE96832D}.Debug|Any CPU.Build.0 = Debug|Any CPU
		{57BBA198-36DA-4ABF-A3A9-398CDE96832D}.Release|Any CPU.ActiveCfg = Debug|Any CPU
		{57BBA198-36DA-4ABF-A3A9-398CDE96832D}.Release|Any CPU.Build.0 = Debug|Any CPU
		{2EC5313E-A071-41E2-99FE-C4BBBFD3330F}.Debug|Any CPU.ActiveCfg = Debug|Any CPU
		{2EC5313E-A071-41E2-99FE-C4BBBFD3330F}.Debug|Any CPU.Build.0 = Debug|Any CPU
		{2EC5313E-A071-41E2-99FE-C4BBBFD3330F}.Release|Any CPU.ActiveCfg = Release|Any CPU
		{2EC5313E-A071-41E2-99FE-C4BBBFD3330F}.Release|Any CPU.Build.0 = Release|Any CPU
	EndGlobalSection
	GlobalSection(NestedProjects) = preSolution
		{B9278CD9-946A-49BA-8CEA-5AE7BCED58C3} = {8D64C0B9-ED45-4F9A-8287-78B1CDE8CFFB}
		{2D85C16E-9E94-42F5-A40B-CAFF776F289E} = {8D64C0B9-ED45-4F9A-8287-78B1CDE8CFFB}
		{ABF0FCC5-F763-41B0-A216-A6F891BFFD19} = {8D64C0B9-ED45-4F9A-8287-78B1CDE8CFFB}
		{136561F0-AA7D-4642-A5F8-EDE12B23A472} = {8D64C0B9-ED45-4F9A-8287-78B1CDE8CFFB}
		{E7873EF0-8FBE-4C5E-B50C-53D1FE1214A5} = {2099A8C4-4D1A-4893-BABA-5D27DF1CDA47}
		{066A61AF-3497-4357-B73F-3999E12D985C} = {2099A8C4-4D1A-4893-BABA-5D27DF1CDA47}
		{57BBA198-36DA-4ABF-A3A9-398CDE96832D} = {8D64C0B9-ED45-4F9A-8287-78B1CDE8CFFB}
		{2EC5313E-A071-41E2-99FE-C4BBBFD3330F} = {2099A8C4-4D1A-4893-BABA-5D27DF1CDA47}
	EndGlobalSection
EndGlobal
